# This file is automatically @generated by Cargo.
# It is not intended for manual editing.
version = 3

[[package]]
name = "approx"
version = "0.5.0"
source = "registry+https://github.com/rust-lang/crates.io-index"
checksum = "072df7202e63b127ab55acfe16ce97013d5b97bf160489336d3f1840fd78e99e"
dependencies = [
 "num-traits",
]

[[package]]
name = "autocfg"
version = "1.0.1"
source = "registry+https://github.com/rust-lang/crates.io-index"
checksum = "cdb031dd78e28731d87d56cc8ffef4a8f36ca26c38fe2de700543e627f8a464a"

[[package]]
name = "basis"
version = "0.1.0"
dependencies = [
 "boys",
 "nalgebra",
 "serde",
 "serde_json",
]

[[package]]
name = "basis_set"
version = "0.1.0"
dependencies = [
 "basis",
 "lazy_static",
 "nalgebra",
 "serde",
 "serde_json",
]

[[package]]
name = "boys"
version = "0.1.0"

[[package]]
name = "bytemuck"
version = "1.7.3"
source = "registry+https://github.com/rust-lang/crates.io-index"
checksum = "439989e6b8c38d1b6570a384ef1e49c8848128f5a97f3914baef02920842712f"

[[package]]
name = "itoa"
version = "1.0.1"
source = "registry+https://github.com/rust-lang/crates.io-index"
checksum = "1aab8fc367588b89dcee83ab0fd66b72b50b72fa1904d7095045ace2b0c81c35"

[[package]]
name = "lazy_static"
version = "1.4.0"
source = "registry+https://github.com/rust-lang/crates.io-index"
checksum = "e2abad23fbc42b3700f2f279844dc832adb2b2eb069b2df918f455c4e18cc646"

[[package]]
name = "matrixmultiply"
version = "0.3.2"
source = "registry+https://github.com/rust-lang/crates.io-index"
checksum = "add85d4dd35074e6fedc608f8c8f513a3548619a9024b751949ef0e8e45a4d84"
dependencies = [
 "rawpointer",
]

[[package]]
name = "nalgebra"
version = "0.29.0"
source = "registry+https://github.com/rust-lang/crates.io-index"
checksum = "d506eb7e08d6329505faa8a3a00a5dcc6de9f76e0c77e4b75763ae3c770831ff"
dependencies = [
 "approx",
 "matrixmultiply",
 "nalgebra-macros",
 "num-complex",
 "num-rational",
 "num-traits",
 "simba",
 "typenum",
]

[[package]]
name = "nalgebra-macros"
version = "0.1.0"
source = "registry+https://github.com/rust-lang/crates.io-index"
checksum = "01fcc0b8149b4632adc89ac3b7b31a12fb6099a0317a4eb2ebff574ef7de7218"
dependencies = [
 "proc-macro2",
 "quote",
 "syn",
]

[[package]]
name = "num-complex"
version = "0.4.0"
source = "registry+https://github.com/rust-lang/crates.io-index"
checksum = "26873667bbbb7c5182d4a37c1add32cdf09f841af72da53318fdb81543c15085"
dependencies = [
 "num-traits",
]

[[package]]
name = "num-integer"
version = "0.1.44"
source = "registry+https://github.com/rust-lang/crates.io-index"
checksum = "d2cc698a63b549a70bc047073d2949cce27cd1c7b0a4a862d08a8031bc2801db"
dependencies = [
 "autocfg",
 "num-traits",
]

[[package]]
name = "num-rational"
version = "0.4.0"
source = "registry+https://github.com/rust-lang/crates.io-index"
checksum = "d41702bd167c2df5520b384281bc111a4b5efcf7fbc4c9c222c815b07e0a6a6a"
dependencies = [
 "autocfg",
 "num-integer",
 "num-traits",
]

[[package]]
name = "num-traits"
version = "0.2.14"
source = "registry+https://github.com/rust-lang/crates.io-index"
checksum = "9a64b1ec5cda2586e284722486d802acf1f7dbdc623e2bfc57e65ca1cd099290"
dependencies = [
 "autocfg",
]

[[package]]
name = "paste"
version = "1.0.6"
source = "registry+https://github.com/rust-lang/crates.io-index"
checksum = "0744126afe1a6dd7f394cb50a716dbe086cb06e255e53d8d0185d82828358fb5"

[[package]]
name = "proc-macro2"
version = "1.0.36"
source = "registry+https://github.com/rust-lang/crates.io-index"
checksum = "c7342d5883fbccae1cc37a2353b09c87c9b0f3afd73f5fb9bba687a1f733b029"
dependencies = [
 "unicode-xid",
]

[[package]]
name = "quote"
version = "1.0.14"
source = "registry+https://github.com/rust-lang/crates.io-index"
checksum = "47aa80447ce4daf1717500037052af176af5d38cc3e571d9ec1c7353fc10c87d"
dependencies = [
 "proc-macro2",
]

[[package]]
name = "rawpointer"
version = "0.2.1"
source = "registry+https://github.com/rust-lang/crates.io-index"
checksum = "60a357793950651c4ed0f3f52338f53b2f809f32d83a07f72909fa13e4c6c1e3"

[[package]]
name = "ryu"
version = "1.0.9"
source = "registry+https://github.com/rust-lang/crates.io-index"
checksum = "73b4b750c782965c211b42f022f59af1fbceabdd026623714f104152f1ec149f"

[[package]]
name = "safe_arch"
version = "0.6.0"
source = "registry+https://github.com/rust-lang/crates.io-index"
checksum = "794821e4ccb0d9f979512f9c1973480123f9bd62a90d74ab0f9426fcf8f4a529"
dependencies = [
 "bytemuck",
]

[[package]]
name = "scf"
version = "0.1.0"
dependencies = [
 "basis",
 "nalgebra",
]

[[package]]
name = "serde"
version = "1.0.132"
source = "registry+https://github.com/rust-lang/crates.io-index"
checksum = "8b9875c23cf305cd1fd7eb77234cbb705f21ea6a72c637a5c6db5fe4b8e7f008"
dependencies = [
 "serde_derive",
]

[[package]]
name = "serde_derive"
version = "1.0.132"
source = "registry+https://github.com/rust-lang/crates.io-index"
checksum = "ecc0db5cb2556c0e558887d9bbdcf6ac4471e83ff66cf696e5419024d1606276"
dependencies = [
 "proc-macro2",
 "quote",
 "syn",
]

[[package]]
name = "serde_json"
version = "1.0.73"
source = "registry+https://github.com/rust-lang/crates.io-index"
checksum = "bcbd0344bc6533bc7ec56df11d42fb70f1b912351c0825ccb7211b59d8af7cf5"
dependencies = [
 "itoa",
 "ryu",
 "serde",
]

[[package]]
name = "simba"
version = "0.6.0"
source = "registry+https://github.com/rust-lang/crates.io-index"
checksum = "f0b7840f121a46d63066ee7a99fc81dcabbc6105e437cae43528cea199b5a05f"
dependencies = [
 "approx",
 "num-complex",
 "num-traits",
 "paste",
 "wide",
]

[[package]]
name = "syn"
version = "1.0.84"
source = "registry+https://github.com/rust-lang/crates.io-index"
checksum = "ecb2e6da8ee5eb9a61068762a32fa9619cc591ceb055b3687f4cd4051ec2e06b"
dependencies = [
 "proc-macro2",
 "quote",
 "unicode-xid",
]

[[package]]
name = "typenum"
version = "1.15.0"
source = "registry+https://github.com/rust-lang/crates.io-index"
checksum = "dcf81ac59edc17cc8697ff311e8f5ef2d99fcbd9817b34cec66f90b6c3dfd987"

[[package]]
name = "unicode-xid"
version = "0.2.2"
source = "registry+https://github.com/rust-lang/crates.io-index"
checksum = "8ccb82d61f80a663efe1f787a51b16b5a51e3314d6ac365b08639f52387b33f3"

[[package]]
name = "wide"
version = "0.7.3"
source = "registry+https://github.com/rust-lang/crates.io-index"
checksum = "476da2f1d225632b1fffe638ff979a4bc03907e29b0ab596efca7624014f8b62"
dependencies = [
 "bytemuck",
 "safe_arch",
]
